Microsoft Visual Studio Solution File, Format Version 12.00
# Visual Studio Version 17
VisualStudioVersion = 17.5.2.0
MinimumVisualStudioVersion = 10.0.40219.1
Project("{FAE04EC0-301F-11D3-BF4B-00C04F79EFBC}") = "CollezioniArray", "CollezioniArray.csproj", "{251F4D34-4AD6-533E-323B-4E97B455402D}"
EndProject
Global
	GlobalSection(SolutionConfigurationPlatforms) = preSolution
		Debug|Any CPU = Debug|Any CPU
		Release|Any CPU = Release|Any CPU
	EndGlobalSection
	GlobalSection(ProjectConfigurationPlatforms) = postSolution
		{251F4D34-4AD6-533E-323B-4E97B455402D}.Debug|Any CPU.ActiveCfg = Debug|Any CPU
		{251F4D34-4AD6-533E-323B-4E97B455402D}.Debug|Any CPU.Build.0 = Debug|Any CPU
		{251F4D34-4AD6-533E-323B-4E97B455402D}.Release|Any CPU.ActiveCfg = Release|Any CPU
		{251F4D34-4AD6-533E-323B-4E97B455402D}.Release|Any CPU.Build.0 = Release|Any CPU
	EndGlobalSection
	GlobalSection(SolutionProperties) = preSolution
		HideSolutionNode = FALSE
	EndGlobalSection
	GlobalSection(ExtensibilityGlobals) = postSolution
		SolutionGuid = {8059E451-1805-4C32-9BF2-DBADC4958FB7}
	EndGlobalSection
EndGlobal
