Microsoft Visual Studio Solution File, Format Version 12.00
# Visual Studio Version 17
VisualStudioVersion = 17.5.2.0
MinimumVisualStudioVersion = 10.0.40219.1
Project("{FAE04EC0-301F-11D3-BF4B-00C04F79EFBC}") = "EsercizioEreditarieta", "EsercizioEreditarieta\EsercizioEreditarieta.csproj", "{EF54F947-F9FF-1B38-FF69-DA3BB1EDE874}"
EndProject
Project("{FAE04EC0-301F-11D3-BF4B-00C04F79EFBC}") = "Incapsulamento", "Incapsulamento\Incapsulamento.csproj", "{52E743D4-4B98-C411-6FCD-6102F8EB4DFD}"
EndProject
Global
	GlobalSection(SolutionConfigurationPlatforms) = preSolution
		Debug|Any CPU = Debug|Any CPU
		Release|Any CPU = Release|Any CPU
	EndGlobalSection
	GlobalSection(ProjectConfigurationPlatforms) = postSolution
		{EF54F947-F9FF-1B38-FF69-DA3BB1EDE874}.Debug|Any CPU.ActiveCfg = Debug|Any CPU
		{EF54F947-F9FF-1B38-FF69-DA3BB1EDE874}.Debug|Any CPU.Build.0 = Debug|Any CPU
		{EF54F947-F9FF-1B38-FF69-DA3BB1EDE874}.Release|Any CPU.ActiveCfg = Release|Any CPU
		{EF54F947-F9FF-1B38-FF69-DA3BB1EDE874}.Release|Any CPU.Build.0 = Release|Any CPU
		{52E743D4-4B98-C411-6FCD-6102F8EB4DFD}.Debug|Any CPU.ActiveCfg = Debug|Any CPU
		{52E743D4-4B98-C411-6FCD-6102F8EB4DFD}.Debug|Any CPU.Build.0 = Debug|Any CPU
		{52E743D4-4B98-C411-6FCD-6102F8EB4DFD}.Release|Any CPU.ActiveCfg = Release|Any CPU
		{52E743D4-4B98-C411-6FCD-6102F8EB4DFD}.Release|Any CPU.Build.0 = Release|Any CPU
	EndGlobalSection
	GlobalSection(SolutionProperties) = preSolution
		HideSolutionNode = FALSE
	EndGlobalSection
	GlobalSection(ExtensibilityGlobals) = postSolution
		SolutionGuid = {04A077BB-1401-411B-86EA-882C4F572489}
	EndGlobalSection
EndGlobal
