Microsoft Visual Studio Solution File, Format Version 12.00
# Visual Studio Version 17
VisualStudioVersion = 17.5.2.0
MinimumVisualStudioVersion = 10.0.40219.1
Project("{FAE04EC0-301F-11D3-BF4B-00C04F79EFBC}") = "EserciziPome", "EserciziPome\EserciziPome.csproj", "{E2FE719A-D62C-E616-88C8-A4F4BCD2137A}"
EndProject
Global
	GlobalSection(SolutionConfigurationPlatforms) = preSolution
		Debug|Any CPU = Debug|Any CPU
		Release|Any CPU = Release|Any CPU
	EndGlobalSection
	GlobalSection(ProjectConfigurationPlatforms) = postSolution
		{E2FE719A-D62C-E616-88C8-A4F4BCD2137A}.Debug|Any CPU.ActiveCfg = Debug|Any CPU
		{E2FE719A-D62C-E616-88C8-A4F4BCD2137A}.Debug|Any CPU.Build.0 = Debug|Any CPU
		{E2FE719A-D62C-E616-88C8-A4F4BCD2137A}.Release|Any CPU.ActiveCfg = Release|Any CPU
		{E2FE719A-D62C-E616-88C8-A4F4BCD2137A}.Release|Any CPU.Build.0 = Release|Any CPU
	EndGlobalSection
	GlobalSection(SolutionProperties) = preSolution
		HideSolutionNode = FALSE
	EndGlobalSection
	GlobalSection(ExtensibilityGlobals) = postSolution
		SolutionGuid = {E75E0CFC-484C-4BBF-8AA9-A806F0DE2FE3}
	EndGlobalSection
EndGlobal
