Microsoft Visual Studio Solution File, Format Version 12.00
# Visual Studio Version 17
VisualStudioVersion = 17.5.2.0
MinimumVisualStudioVersion = 10.0.40219.1
Project("{FAE04EC0-301F-11D3-BF4B-00C04F79EFBC}") = "Martediciassette", "Martediciassette.csproj", "{5B8DF6DF-8516-5AA8-1AD1-1BBADE6FB024}"
EndProject
Global
	GlobalSection(SolutionConfigurationPlatforms) = preSolution
		Debug|Any CPU = Debug|Any CPU
		Release|Any CPU = Release|Any CPU
	EndGlobalSection
	GlobalSection(ProjectConfigurationPlatforms) = postSolution
		{5B8DF6DF-8516-5AA8-1AD1-1BBADE6FB024}.Debug|Any CPU.ActiveCfg = Debug|Any CPU
		{5B8DF6DF-8516-5AA8-1AD1-1BBADE6FB024}.Debug|Any CPU.Build.0 = Debug|Any CPU
		{5B8DF6DF-8516-5AA8-1AD1-1BBADE6FB024}.Release|Any CPU.ActiveCfg = Release|Any CPU
		{5B8DF6DF-8516-5AA8-1AD1-1BBADE6FB024}.Release|Any CPU.Build.0 = Release|Any CPU
	EndGlobalSection
	GlobalSection(SolutionProperties) = preSolution
		HideSolutionNode = FALSE
	EndGlobalSection
	GlobalSection(ExtensibilityGlobals) = postSolution
		SolutionGuid = {C96FBD61-C5B8-4CEB-80DB-F9120C6B5174}
	EndGlobalSection
EndGlobal
