Microsoft Visual Studio Solution File, Format Version 12.00
# Visual Studio Version 17
VisualStudioVersion = 17.5.2.0
MinimumVisualStudioVersion = 10.0.40219.1
Project("{FAE04EC0-301F-11D3-BF4B-00C04F79EFBC}") = "Esercizi", "Esercizi\Esercizi.csproj", "{C5683663-85EC-F7CD-9F28-FE6527951DCA}"
EndProject
Global
	GlobalSection(SolutionConfigurationPlatforms) = preSolution
		Debug|Any CPU = Debug|Any CPU
		Release|Any CPU = Release|Any CPU
	EndGlobalSection
	GlobalSection(ProjectConfigurationPlatforms) = postSolution
		{C5683663-85EC-F7CD-9F28-FE6527951DCA}.Debug|Any CPU.ActiveCfg = Debug|Any CPU
		{C5683663-85EC-F7CD-9F28-FE6527951DCA}.Debug|Any CPU.Build.0 = Debug|Any CPU
		{C5683663-85EC-F7CD-9F28-FE6527951DCA}.Release|Any CPU.ActiveCfg = Release|Any CPU
		{C5683663-85EC-F7CD-9F28-FE6527951DCA}.Release|Any CPU.Build.0 = Release|Any CPU
	EndGlobalSection
	GlobalSection(SolutionProperties) = preSolution
		HideSolutionNode = FALSE
	EndGlobalSection
	GlobalSection(ExtensibilityGlobals) = postSolution
		SolutionGuid = {76831269-738C-4855-92B6-804DA12B71EB}
	EndGlobalSection
EndGlobal
