Microsoft Visual Studio Solution File, Format Version 12.00
# Visual Studio Version 17
VisualStudioVersion = 17.5.2.0
MinimumVisualStudioVersion = 10.0.40219.1
Project("{FAE04EC0-301F-11D3-BF4B-00C04F79EFBC}") = "EsProdotti", "EsProdotti.csproj", "{4DF7F02F-ED86-BDA4-E92E-D370FE74C631}"
EndProject
Global
	GlobalSection(SolutionConfigurationPlatforms) = preSolution
		Debug|Any CPU = Debug|Any CPU
		Release|Any CPU = Release|Any CPU
	EndGlobalSection
	GlobalSection(ProjectConfigurationPlatforms) = postSolution
		{4DF7F02F-ED86-BDA4-E92E-D370FE74C631}.Debug|Any CPU.ActiveCfg = Debug|Any CPU
		{4DF7F02F-ED86-BDA4-E92E-D370FE74C631}.Debug|Any CPU.Build.0 = Debug|Any CPU
		{4DF7F02F-ED86-BDA4-E92E-D370FE74C631}.Release|Any CPU.ActiveCfg = Release|Any CPU
		{4DF7F02F-ED86-BDA4-E92E-D370FE74C631}.Release|Any CPU.Build.0 = Release|Any CPU
	EndGlobalSection
	GlobalSection(SolutionProperties) = preSolution
		HideSolutionNode = FALSE
	EndGlobalSection
	GlobalSection(ExtensibilityGlobals) = postSolution
		SolutionGuid = {F5675B5B-79E7-4434-BF23-ADD700187ADB}
	EndGlobalSection
EndGlobal
