Microsoft Visual Studio Solution File, Format Version 12.00
# Visual Studio Version 17
VisualStudioVersion = 17.5.2.0
MinimumVisualStudioVersion = 10.0.40219.1
Project("{FAE04EC0-301F-11D3-BF4B-00C04F79EFBC}") = "EserciziPome", "EserciziPome.csproj", "{4C29A894-1442-2A6A-82D6-C06E60D7ED53}"
EndProject
Global
	GlobalSection(SolutionConfigurationPlatforms) = preSolution
		Debug|Any CPU = Debug|Any CPU
		Release|Any CPU = Release|Any CPU
	EndGlobalSection
	GlobalSection(ProjectConfigurationPlatforms) = postSolution
		{4C29A894-1442-2A6A-82D6-C06E60D7ED53}.Debug|Any CPU.ActiveCfg = Debug|Any CPU
		{4C29A894-1442-2A6A-82D6-C06E60D7ED53}.Debug|Any CPU.Build.0 = Debug|Any CPU
		{4C29A894-1442-2A6A-82D6-C06E60D7ED53}.Release|Any CPU.ActiveCfg = Release|Any CPU
		{4C29A894-1442-2A6A-82D6-C06E60D7ED53}.Release|Any CPU.Build.0 = Release|Any CPU
	EndGlobalSection
	GlobalSection(SolutionProperties) = preSolution
		HideSolutionNode = FALSE
	EndGlobalSection
	GlobalSection(ExtensibilityGlobals) = postSolution
		SolutionGuid = {B590735D-6963-495F-A4D2-64ED490D5B39}
	EndGlobalSection
EndGlobal
